// !$*UTF8*$!
{
	archiveVersion = 1;
	classes = {
	};
	objectVersion = 46;
	objects = {

/* Begin PBXBuildFile section */
		B0494BC91EC3236A0002C118 /* MDDirectionService.m in Sources */ = {isa = PBXBuildFile; fileRef = B0494BC81EC3236A0002C118 /* MDDirectionService.m */; };
		B0FAED091EC0BC1F006FB584 /* main.m in Sources */ = {isa = PBXBuildFile; fileRef = B0FAED081EC0BC1F006FB584 /* main.m */; };
		B0FAED0C1EC0BC1F006FB584 /* AppDelegate.m in Sources */ = {isa = PBXBuildFile; fileRef = B0FAED0B1EC0BC1F006FB584 /* AppDelegate.m */; };
		B0FAED0F1EC0BC1F006FB584 /* ViewController.m in Sources */ = {isa = PBXBuildFile; fileRef = B0FAED0E1EC0BC1F006FB584 /* ViewController.m */; };
		B0FAED121EC0BC1F006FB584 /* Main.storyboard in Resources */ = {isa = PBXBuildFile; fileRef = B0FAED101EC0BC1F006FB584 /* Main.storyboard */; };
		B0FAED141EC0BC1F006FB584 /* Assets.xcassets in Resources */ = {isa = PBXBuildFile; fileRef = B0FAED131EC0BC1F006FB584 /* Assets.xcassets */; };
		B0FAED171EC0BC1F006FB584 /* LaunchScreen.storyboard in Resources */ = {isa = PBXBuildFile; fileRef = B0FAED151EC0BC1F006FB584 /* LaunchScreen.storyboard */; };
		B0FAED221EC0BC20006FB584 /* objc_mapTests.m in Sources */ = {isa = PBXBuildFile; fileRef = B0FAED211EC0BC20006FB584 /* objc_mapTests.m */; };
		B0FAED2D1EC0BC20006FB584 /* objc_mapUITests.m in Sources */ = {isa = PBXBuildFile; fileRef = B0FAED2C1EC0BC20006FB584 /* objc_mapUITests.m */; };
		B0FAED3C1EC0BD24006FB584 /* GoogleMaps.framework in Frameworks */ = {isa = PBXBuildFile; fileRef = B0FAED3B1EC0BD24006FB584 /* GoogleMaps.framework */; };
		B0FAED3E1EC0BD4D006FB584 /* GoogleMaps.bundle in Resources */ = {isa = PBXBuildFile; fileRef = B0FAED3D1EC0BD4D006FB584 /* GoogleMaps.bundle */; };
		B0FAED411EC0BDEA006FB584 /* AVFoundation.framework in Frameworks */ = {isa = PBXBuildFile; fileRef = B0FAED401EC0BDEA006FB584 /* AVFoundation.framework */; };
		B0FAED431EC0BDF1006FB584 /* CoreData.framework in Frameworks */ = {isa = PBXBuildFile; fileRef = B0FAED421EC0BDF1006FB584 /* CoreData.framework */; };
		B0FAED451EC0BDF9006FB584 /* CoreLocation.framework in Frameworks */ = {isa = PBXBuildFile; fileRef = B0FAED441EC0BDF9006FB584 /* CoreLocation.framework */; };
		B0FAED471EC0BE05006FB584 /* CoreText.framework in Frameworks */ = {isa = PBXBuildFile; fileRef = B0FAED461EC0BE05006FB584 /* CoreText.framework */; };
		B0FAED491EC0BE0C006FB584 /* GLKit.framework in Frameworks */ = {isa = PBXBuildFile; fileRef = B0FAED481EC0BE0C006FB584 /* GLKit.framework */; };
		B0FAED4B1EC0BE18006FB584 /* ImageIO.framework in Frameworks */ = {isa = PBXBuildFile; fileRef = B0FAED4A1EC0BE18006FB584 /* ImageIO.framework */; };
		B0FAED4D1EC0BE2B006FB584 /* libc++.tbd in Frameworks */ = {isa = PBXBuildFile; fileRef = B0FAED4C1EC0BE2B006FB584 /* libc++.tbd */; };
		B0FAED4F1EC0BE38006FB584 /* libicucore.tbd in Frameworks */ = {isa = PBXBuildFile; fileRef = B0FAED4E1EC0BE38006FB584 /* libicucore.tbd */; };
		B0FAED511EC0BE48006FB584 /* libz.tbd in Frameworks */ = {isa = PBXBuildFile; fileRef = B0FAED501EC0BE48006FB584 /* libz.tbd */; };
		B0FAED531EC0BE61006FB584 /* OpenGLES.framework in Frameworks */ = {isa = PBXBuildFile; fileRef = B0FAED521EC0BE61006FB584 /* OpenGLES.framework */; };
		B0FAED551EC0BE6B006FB584 /* SystemConfiguration.framework in Frameworks */ = {isa = PBXBuildFile; fileRef = B0FAED541EC0BE6B006FB584 /* SystemConfiguration.framework */; };
		B0FAED571EC0BE75006FB584 /* QuartzCore.framework in Frameworks */ = {isa = PBXBuildFile; fileRef = B0FAED561EC0BE75006FB584 /* QuartzCore.framework */; };
/* End PBXBuildFile section */

/* Begin PBXContainerItemProxy section */
		B0FAED1E1EC0BC1F006FB584 /* PBXContainerItemProxy */ = {
			isa = PBXContainerItemProxy;
			containerPortal = B0FAECFC1EC0BC1F006FB584 /* Project object */;
			proxyType = 1;
			remoteGlobalIDString = B0FAED031EC0BC1F006FB584;
			remoteInfo = objc_map;
		};
		B0FAED291EC0BC20006FB584 /* PBXContainerItemProxy */ = {
			isa = PBXContainerItemProxy;
			containerPortal = B0FAECFC1EC0BC1F006FB584 /* Project object */;
			proxyType = 1;
			remoteGlobalIDString = B0FAED031EC0BC1F006FB584;
			remoteInfo = objc_map;
		};
/* End PBXContainerItemProxy section */

/* Begin PBXFileReference section */
		B0494BC71EC3236A0002C118 /* MDDirectionService.h */ = {isa = PBXFileReference; fileEncoding = 4; lastKnownFileType = sourcecode.c.h; path = MDDirectionService.h; sourceTree = "<group>"; };
		B0494BC81EC3236A0002C118 /* MDDirectionService.m */ = {isa = PBXFileReference; fileEncoding = 4; lastKnownFileType = sourcecode.c.objc; path = MDDirectionService.m; sourceTree = "<group>"; };
		B0FAED041EC0BC1F006FB584 /* objc_map.app */ = {isa = PBXFileReference; explicitFileType = wrapper.application; includeInIndex = 0; path = objc_map.app; sourceTree = BUILT_PRODUCTS_DIR; };
		B0FAED081EC0BC1F006FB584 /* main.m */ = {isa = PBXFileReference; lastKnownFileType = sourcecode.c.objc; path = main.m; sourceTree = "<group>"; };
		B0FAED0A1EC0BC1F006FB584 /* AppDelegate.h */ = {isa = PBXFileReference; lastKnownFileType = sourcecode.c.h; path = AppDelegate.h; sourceTree = "<group>"; };
		B0FAED0B1EC0BC1F006FB584 /* AppDelegate.m */ = {isa = PBXFileReference; lastKnownFileType = sourcecode.c.objc; path = AppDelegate.m; sourceTree = "<group>"; };
		B0FAED0D1EC0BC1F006FB584 /* ViewController.h */ = {isa = PBXFileReference; lastKnownFileType = sourcecode.c.h; path = ViewController.h; sourceTree = "<group>"; };
		B0FAED0E1EC0BC1F006FB584 /* ViewController.m */ = {isa = PBXFileReference; lastKnownFileType = sourcecode.c.objc; path = ViewController.m; sourceTree = "<group>"; };
		B0FAED111EC0BC1F006FB584 /* Base */ = {isa = PBXFileReference; lastKnownFileType = file.storyboard; name = Base; path = Base.lproj/Main.storyboard; sourceTree = "<group>"; };
		B0FAED131EC0BC1F006FB584 /* Assets.xcassets */ = {isa = PBXFileReference; lastKnownFileType = folder.assetcatalog; path = Assets.xcassets; sourceTree = "<group>"; };
		B0FAED161EC0BC1F006FB584 /* Base */ = {isa = PBXFileReference; lastKnownFileType = file.storyboard; name = Base; path = Base.lproj/LaunchScreen.storyboard; sourceTree = "<group>"; };
		B0FAED181EC0BC1F006FB584 /* Info.plist */ = {isa = PBXFileReference; lastKnownFileType = text.plist.xml; path = Info.plist; sourceTree = "<group>"; };
		B0FAED1D1EC0BC1F006FB584 /* objc_mapTests.xctest */ = {isa = PBXFileReference; explicitFileType = wrapper.cfbundle; includeInIndex = 0; path = objc_mapTests.xctest; sourceTree = BUILT_PRODUCTS_DIR; };
		B0FAED211EC0BC20006FB584 /* objc_mapTests.m */ = {isa = PBXFileReference; lastKnownFileType = sourcecode.c.objc; path = objc_mapTests.m; sourceTree = "<group>"; };
		B0FAED231EC0BC20006FB584 /* Info.plist */ = {isa = PBXFileReference; lastKnownFileType = text.plist.xml; path = Info.plist; sourceTree = "<group>"; };
		B0FAED281EC0BC20006FB584 /* objc_mapUITests.xctest */ = {isa = PBXFileReference; explicitFileType = wrapper.cfbundle; includeInIndex = 0; path = objc_mapUITests.xctest; sourceTree = BUILT_PRODUCTS_DIR; };
		B0FAED2C1EC0BC20006FB584 /* objc_mapUITests.m */ = {isa = PBXFileReference; lastKnownFileType = sourcecode.c.objc; path = objc_mapUITests.m; sourceTree = "<group>"; };
		B0FAED2E1EC0BC20006FB584 /* Info.plist */ = {isa = PBXFileReference; lastKnownFileType = text.plist.xml; path = Info.plist; sourceTree = "<group>"; };
		B0FAED3B1EC0BD24006FB584 /* GoogleMaps.framework */ = {isa = PBXFileReference; lastKnownFileType = wrapper.framework; path = GoogleMaps.framework; sourceTree = "<group>"; };
		B0FAED3D1EC0BD4D006FB584 /* GoogleMaps.bundle */ = {isa = PBXFileReference; lastKnownFileType = "wrapper.plug-in"; name = GoogleMaps.bundle; path = GoogleMaps.framework/Versions/A/Resources/GoogleMaps.bundle; sourceTree = "<group>"; };
		B0FAED401EC0BDEA006FB584 /* AVFoundation.framework */ = {isa = PBXFileReference; lastKnownFileType = wrapper.framework; name = AVFoundation.framework; path = System/Library/Frameworks/AVFoundation.framework; sourceTree = SDKROOT; };
		B0FAED421EC0BDF1006FB584 /* CoreData.framework */ = {isa = PBXFileReference; lastKnownFileType = wrapper.framework; name = CoreData.framework; path = System/Library/Frameworks/CoreData.framework; sourceTree = SDKROOT; };
		B0FAED441EC0BDF9006FB584 /* CoreLocation.framework */ = {isa = PBXFileReference; lastKnownFileType = wrapper.framework; name = CoreLocation.framework; path = System/Library/Frameworks/CoreLocation.framework; sourceTree = SDKROOT; };
		B0FAED461EC0BE05006FB584 /* CoreText.framework */ = {isa = PBXFileReference; lastKnownFileType = wrapper.framework; name = CoreText.framework; path = System/Library/Frameworks/CoreText.framework; sourceTree = SDKROOT; };
		B0FAED481EC0BE0C006FB584 /* GLKit.framework */ = {isa = PBXFileReference; lastKnownFileType = wrapper.framework; name = GLKit.framework; path = System/Library/Frameworks/GLKit.framework; sourceTree = SDKROOT; };
		B0FAED4A1EC0BE18006FB584 /* ImageIO.framework */ = {isa = PBXFileReference; lastKnownFileType = wrapper.framework; name = ImageIO.framework; path = System/Library/Frameworks/ImageIO.framework; sourceTree = SDKROOT; };
		B0FAED4C1EC0BE2B006FB584 /* libc++.tbd */ = {isa = PBXFileReference; lastKnownFileType = "sourcecode.text-based-dylib-definition"; name = "libc++.tbd"; path = "usr/lib/libc++.tbd"; sourceTree = SDKROOT; };
		B0FAED4E1EC0BE38006FB584 /* libicucore.tbd */ = {isa = PBXFileReference; lastKnownFileType = "sourcecode.text-based-dylib-definition"; name = libicucore.tbd; path = usr/lib/libicucore.tbd; sourceTree = SDKROOT; };
		B0FAED501EC0BE48006FB584 /* libz.tbd */ = {isa = PBXFileReference; lastKnownFileType = "sourcecode.text-based-dylib-definition"; name = libz.tbd; path = usr/lib/libz.tbd; sourceTree = SDKROOT; };
		B0FAED521EC0BE61006FB584 /* OpenGLES.framework */ = {isa = PBXFileReference; lastKnownFileType = wrapper.framework; name = OpenGLES.framework; path = System/Library/Frameworks/OpenGLES.framework; sourceTree = SDKROOT; };
		B0FAED541EC0BE6B006FB584 /* SystemConfiguration.framework */ = {isa = PBXFileReference; lastKnownFileType = wrapper.framework; name = SystemConfiguration.framework; path = System/Library/Frameworks/SystemConfiguration.framework; sourceTree = SDKROOT; };
		B0FAED561EC0BE75006FB584 /* QuartzCore.framework */ = {isa = PBXFileReference; lastKnownFileType = wrapper.framework; name = QuartzCore.framework; path = System/Library/Frameworks/QuartzCore.framework; sourceTree = SDKROOT; };
/* End PBXFileReference section */

/* Begin PBXFrameworksBuildPhase section */
		B0FAED011EC0BC1F006FB584 /* Frameworks */ = {
			isa = PBXFrameworksBuildPhase;
			buildActionMask = 2147483647;
			files = (
				B0FAED571EC0BE75006FB584 /* QuartzCore.framework in Frameworks */,
				B0FAED551EC0BE6B006FB584 /* SystemConfiguration.framework in Frameworks */,
				B0FAED531EC0BE61006FB584 /* OpenGLES.framework in Frameworks */,
				B0FAED511EC0BE48006FB584 /* libz.tbd in Frameworks */,
				B0FAED4F1EC0BE38006FB584 /* libicucore.tbd in Frameworks */,
				B0FAED4D1EC0BE2B006FB584 /* libc++.tbd in Frameworks */,
				B0FAED4B1EC0BE18006FB584 /* ImageIO.framework in Frameworks */,
				B0FAED491EC0BE0C006FB584 /* GLKit.framework in Frameworks */,
				B0FAED471EC0BE05006FB584 /* CoreText.framework in Frameworks */,
				B0FAED451EC0BDF9006FB584 /* CoreLocation.framework in Frameworks */,
				B0FAED431EC0BDF1006FB584 /* CoreData.framework in Frameworks */,
				B0FAED411EC0BDEA006FB584 /* AVFoundation.framework in Frameworks */,
				B0FAED3C1EC0BD24006FB584 /* GoogleMaps.framework in Frameworks */,
			);
			runOnlyForDeploymentPostprocessing = 0;
		};
		B0FAED1A1EC0BC1F006FB584 /* Frameworks */ = {
			isa = PBXFrameworksBuildPhase;
			buildActionMask = 2147483647;
			files = (
			);
			runOnlyForDeploymentPostprocessing = 0;
		};
		B0FAED251EC0BC20006FB584 /* Frameworks */ = {
			isa = PBXFrameworksBuildPhase;
			buildActionMask = 2147483647;
			files = (
			);
			runOnlyForDeploymentPostprocessing = 0;
		};
/* End PBXFrameworksBuildPhase section */

/* Begin PBXGroup section */
		B0FAECFB1EC0BC1F006FB584 = {
			isa = PBXGroup;
			children = (
				B0FAED3A1EC0BD0C006FB584 /* frameworks */,
				B0FAED061EC0BC1F006FB584 /* objc_map */,
				B0FAED201EC0BC20006FB584 /* objc_mapTests */,
				B0FAED2B1EC0BC20006FB584 /* objc_mapUITests */,
				B0FAED051EC0BC1F006FB584 /* Products */,
				B0FAED3F1EC0BDEA006FB584 /* Frameworks */,
			);
			sourceTree = "<group>";
		};
		B0FAED051EC0BC1F006FB584 /* Products */ = {
			isa = PBXGroup;
			children = (
				B0FAED041EC0BC1F006FB584 /* objc_map.app */,
				B0FAED1D1EC0BC1F006FB584 /* objc_mapTests.xctest */,
				B0FAED281EC0BC20006FB584 /* objc_mapUITests.xctest */,
			);
			name = Products;
			sourceTree = "<group>";
		};
		B0FAED061EC0BC1F006FB584 /* objc_map */ = {
			isa = PBXGroup;
			children = (
				B0FAED0A1EC0BC1F006FB584 /* AppDelegate.h */,
				B0FAED0B1EC0BC1F006FB584 /* AppDelegate.m */,
				B0FAED0D1EC0BC1F006FB584 /* ViewController.h */,
				B0FAED0E1EC0BC1F006FB584 /* ViewController.m */,
				B0494BC71EC3236A0002C118 /* MDDirectionService.h */,
				B0494BC81EC3236A0002C118 /* MDDirectionService.m */,
				B0FAED101EC0BC1F006FB584 /* Main.storyboard */,
				B0FAED131EC0BC1F006FB584 /* Assets.xcassets */,
				B0FAED151EC0BC1F006FB584 /* LaunchScreen.storyboard */,
				B0FAED181EC0BC1F006FB584 /* Info.plist */,
				B0FAED071EC0BC1F006FB584 /* Supporting Files */,
			);
			path = objc_map;
			sourceTree = "<group>";
		};
		B0FAED071EC0BC1F006FB584 /* Supporting Files */ = {
			isa = PBXGroup;
			children = (
				B0FAED081EC0BC1F006FB584 /* main.m */,
			);
			name = "Supporting Files";
			sourceTree = "<group>";
		};
		B0FAED201EC0BC20006FB584 /* objc_mapTests */ = {
			isa = PBXGroup;
			children = (
				B0FAED211EC0BC20006FB584 /* objc_mapTests.m */,
				B0FAED231EC0BC20006FB584 /* Info.plist */,
			);
			path = objc_mapTests;
			sourceTree = "<group>";
		};
		B0FAED2B1EC0BC20006FB584 /* objc_mapUITests */ = {
			isa = PBXGroup;
			children = (
				B0FAED2C1EC0BC20006FB584 /* objc_mapUITests.m */,
				B0FAED2E1EC0BC20006FB584 /* Info.plist */,
			);
			path = objc_mapUITests;
			sourceTree = "<group>";
		};
		B0FAED3A1EC0BD0C006FB584 /* frameworks */ = {
			isa = PBXGroup;
			children = (
				B0FAED3D1EC0BD4D006FB584 /* GoogleMaps.bundle */,
				B0FAED3B1EC0BD24006FB584 /* GoogleMaps.framework */,
			);
			name = frameworks;
			sourceTree = "<group>";
		};
		B0FAED3F1EC0BDEA006FB584 /* Frameworks */ = {
			isa = PBXGroup;
			children = (
				B0FAED561EC0BE75006FB584 /* QuartzCore.framework */,
				B0FAED541EC0BE6B006FB584 /* SystemConfiguration.framework */,
				B0FAED521EC0BE61006FB584 /* OpenGLES.framework */,
				B0FAED501EC0BE48006FB584 /* libz.tbd */,
				B0FAED4E1EC0BE38006FB584 /* libicucore.tbd */,
				B0FAED4C1EC0BE2B006FB584 /* libc++.tbd */,
				B0FAED4A1EC0BE18006FB584 /* ImageIO.framework */,
				B0FAED481EC0BE0C006FB584 /* GLKit.framework */,
				B0FAED461EC0BE05006FB584 /* CoreText.framework */,
				B0FAED441EC0BDF9006FB584 /* CoreLocation.framework */,
				B0FAED421EC0BDF1006FB584 /* CoreData.framework */,
				B0FAED401EC0BDEA006FB584 /* AVFoundation.framework */,
			);
			name = Frameworks;
			sourceTree = "<group>";
		};
/* End PBXGroup section */

/* Begin PBXNativeTarget section */
		B0FAED031EC0BC1F006FB584 /* objc_map */ = {
			isa = PBXNativeTarget;
			buildConfigurationList = B0FAED311EC0BC20006FB584 /* Build configuration list for PBXNativeTarget "objc_map" */;
			buildPhases = (
				B0FAED001EC0BC1F006FB584 /* Sources */,
				B0FAED011EC0BC1F006FB584 /* Frameworks */,
				B0FAED021EC0BC1F006FB584 /* Resources */,
			);
			buildRules = (
			);
			dependencies = (
			);
			name = objc_map;
			productName = objc_map;
			productReference = B0FAED041EC0BC1F006FB584 /* objc_map.app */;
			productType = "com.apple.product-type.application";
		};
		B0FAED1C1EC0BC1F006FB584 /* objc_mapTests */ = {
			isa = PBXNativeTarget;
			buildConfigurationList = B0FAED341EC0BC20006FB584 /* Build configuration list for PBXNativeTarget "objc_mapTests" */;
			buildPhases = (
				B0FAED191EC0BC1F006FB584 /* Sources */,
				B0FAED1A1EC0BC1F006FB584 /* Frameworks */,
				B0FAED1B1EC0BC1F006FB584 /* Resources */,
			);
			buildRules = (
			);
			dependencies = (
				B0FAED1F1EC0BC1F006FB584 /* PBXTargetDependency */,
			);
			name = objc_mapTests;
			productName = objc_mapTests;
			productReference = B0FAED1D1EC0BC1F006FB584 /* objc_mapTests.xctest */;
			productType = "com.apple.product-type.bundle.unit-test";
		};
		B0FAED271EC0BC20006FB584 /* objc_mapUITests */ = {
			isa = PBXNativeTarget;
			buildConfigurationList = B0FAED371EC0BC20006FB584 /* Build configuration list for PBXNativeTarget "objc_mapUITests" */;
			buildPhases = (
				B0FAED241EC0BC20006FB584 /* Sources */,
				B0FAED251EC0BC20006FB584 /* Frameworks */,
				B0FAED261EC0BC20006FB584 /* Resources */,
			);
			buildRules = (
			);
			dependencies = (
				B0FAED2A1EC0BC20006FB584 /* PBXTargetDependency */,
			);
			name = objc_mapUITests;
			productName = objc_mapUITests;
			productReference = B0FAED281EC0BC20006FB584 /* objc_mapUITests.xctest */;
			productType = "com.apple.product-type.bundle.ui-testing";
		};
/* End PBXNativeTarget section */

/* Begin PBXProject section */
		B0FAECFC1EC0BC1F006FB584 /* Project object */ = {
			isa = PBXProject;
			attributes = {
				LastUpgradeCheck = 0830;
				ORGANIZATIONNAME = "Guna Sundari";
				TargetAttributes = {
					B0FAED031EC0BC1F006FB584 = {
						CreatedOnToolsVersion = 8.3.2;
						LastSwiftMigration = 0830;
						ProvisioningStyle = Manual;
					};
					B0FAED1C1EC0BC1F006FB584 = {
						CreatedOnToolsVersion = 8.3.2;
						LastSwiftMigration = 0830;
						ProvisioningStyle = Automatic;
						TestTargetID = B0FAED031EC0BC1F006FB584;
					};
					B0FAED271EC0BC20006FB584 = {
						CreatedOnToolsVersion = 8.3.2;
						LastSwiftMigration = 0830;
						ProvisioningStyle = Automatic;
						TestTargetID = B0FAED031EC0BC1F006FB584;
					};
				};
			};
			buildConfigurationList = B0FAECFF1EC0BC1F006FB584 /* Build configuration list for PBXProject "objc_map" */;
			compatibilityVersion = "Xcode 3.2";
			developmentRegion = English;
			hasScannedForEncodings = 0;
			knownRegions = (
				en,
				Base,
			);
			mainGroup = B0FAECFB1EC0BC1F006FB584;
			productRefGroup = B0FAED051EC0BC1F006FB584 /* Products */;
			projectDirPath = "";
			projectRoot = "";
			targets = (
				B0FAED031EC0BC1F006FB584 /* objc_map */,
				B0FAED1C1EC0BC1F006FB584 /* objc_mapTests */,
				B0FAED271EC0BC20006FB584 /* objc_mapUITests */,
			);
		};
/* End PBXProject section */

/* Begin PBXResourcesBuildPhase section */
		B0FAED021EC0BC1F006FB584 /* Resources */ = {
			isa = PBXResourcesBuildPhase;
			buildActionMask = 2147483647;
			files = (
				B0FAED171EC0BC1F006FB584 /* LaunchScreen.storyboard in Resources */,
				B0FAED141EC0BC1F006FB584 /* Assets.xcassets in Resources */,
				B0FAED121EC0BC1F006FB584 /* Main.storyboard in Resources */,
				B0FAED3E1EC0BD4D006FB584 /* GoogleMaps.bundle in Resources */,
			);
			runOnlyForDeploymentPostprocessing = 0;
		};
		B0FAED1B1EC0BC1F006FB584 /* Resources */ = {
			isa = PBXResourcesBuildPhase;
			buildActionMask = 2147483647;
			files = (
			);
			runOnlyForDeploymentPostprocessing = 0;
		};
		B0FAED261EC0BC20006FB584 /* Resources */ = {
			isa = PBXResourcesBuildPhase;
			buildActionMask = 2147483647;
			files = (
			);
			runOnlyForDeploymentPostprocessing = 0;
		};
/* End PBXResourcesBuildPhase section */

/* Begin PBXSourcesBuildPhase section */
		B0FAED001EC0BC1F006FB584 /* Sources */ = {
			isa = PBXSourcesBuildPhase;
			buildActionMask = 2147483647;
			files = (
				B0FAED0F1EC0BC1F006FB584 /* ViewController.m in Sources */,
				B0FAED0C1EC0BC1F006FB584 /* AppDelegate.m in Sources */,
				B0494BC91EC3236A0002C118 /* MDDirectionService.m in Sources */,
				B0FAED091EC0BC1F006FB584 /* main.m in Sources */,
			);
			runOnlyForDeploymentPostprocessing = 0;
		};
		B0FAED191EC0BC1F006FB584 /* Sources */ = {
			isa = PBXSourcesBuildPhase;
			buildActionMask = 2147483647;
			files = (
				B0FAED221EC0BC20006FB584 /* objc_mapTests.m in Sources */,
			);
			runOnlyForDeploymentPostprocessing = 0;
		};
		B0FAED241EC0BC20006FB584 /* Sources */ = {
			isa = PBXSourcesBuildPhase;
			buildActionMask = 2147483647;
			files = (
				B0FAED2D1EC0BC20006FB584 /* objc_mapUITests.m in Sources */,
			);
			runOnlyForDeploymentPostprocessing = 0;
		};
/* End PBXSourcesBuildPhase section */

/* Begin PBXTargetDependency section */
		B0FAED1F1EC0BC1F006FB584 /* PBXTargetDependency */ = {
			isa = PBXTargetDependency;
			target = B0FAED031EC0BC1F006FB584 /* objc_map */;
			targetProxy = B0FAED1E1EC0BC1F006FB584 /* PBXContainerItemProxy */;
		};
		B0FAED2A1EC0BC20006FB584 /* PBXTargetDependency */ = {
			isa = PBXTargetDependency;
			target = B0FAED031EC0BC1F006FB584 /* objc_map */;
			targetProxy = B0FAED291EC0BC20006FB584 /* PBXContainerItemProxy */;
		};
/* End PBXTargetDependency section */

/* Begin PBXVariantGroup section */
		B0FAED101EC0BC1F006FB584 /* Main.storyboard */ = {
			isa = PBXVariantGroup;
			children = (
				B0FAED111EC0BC1F006FB584 /* Base */,
			);
			name = Main.storyboard;
			sourceTree = "<group>";
		};
		B0FAED151EC0BC1F006FB584 /* LaunchScreen.storyboard */ = {
			isa = PBXVariantGroup;
			children = (
				B0FAED161EC0BC1F006FB584 /* Base */,
			);
			name = LaunchScreen.storyboard;
			sourceTree = "<group>";
		};
/* End PBXVariantGroup section */

/* Begin XCBuildConfiguration section */
		B0FAED2F1EC0BC20006FB584 /* Debug */ = {
			isa = XCBuildConfiguration;
			buildSettings = {
				ALWAYS_SEARCH_USER_PATHS = NO;
				CLANG_ANALYZER_NONNULL = YES;
				CLANG_ANALYZER_NUMBER_OBJECT_CONVERSION = YES_AGGRESSIVE;
				CLANG_CXX_LANGUAGE_STANDARD = "gnu++0x";
				CLANG_CXX_LIBRARY = "libc++";
				CLANG_ENABLE_MODULES = YES;
				CLANG_ENABLE_OBJC_ARC = YES;
				CLANG_WARN_BOOL_CONVERSION = YES;
				CLANG_WARN_CONSTANT_CONVERSION = YES;
				CLANG_WARN_DIRECT_OBJC_ISA_USAGE = YES_ERROR;
				CLANG_WARN_DOCUMENTATION_COMMENTS = YES;
				CLANG_WARN_EMPTY_BODY = YES;
				CLANG_WARN_ENUM_CONVERSION = YES;
				CLANG_WARN_INFINITE_RECURSION = YES;
				CLANG_WARN_INT_CONVERSION = YES;
				CLANG_WARN_OBJC_ROOT_CLASS = YES_ERROR;
				CLANG_WARN_SUSPICIOUS_MOVE = YES;
				CLANG_WARN_UNREACHABLE_CODE = YES;
				CLANG_WARN__DUPLICATE_METHOD_MATCH = YES;
				"CODE_SIGN_IDENTITY[sdk=iphoneos*]" = "iPhone Developer";
				COPY_PHASE_STRIP = NO;
				DEBUG_INFORMATION_FORMAT = dwarf;
				ENABLE_STRICT_OBJC_MSGSEND = YES;
				ENABLE_TESTABILITY = YES;
				GCC_C_LANGUAGE_STANDARD = gnu99;
				GCC_DYNAMIC_NO_PIC = NO;
				GCC_NO_COMMON_BLOCKS = YES;
				GCC_OPTIMIZATION_LEVEL = 0;
				GCC_PREPROCESSOR_DEFINITIONS = (
					"DEBUG=1",
					"$(inherited)",
				);
				GCC_WARN_64_TO_32_BIT_CONVERSION = YES;
				GCC_WARN_ABOUT_RETURN_TYPE = YES_ERROR;
				GCC_WARN_UNDECLARED_SELECTOR = YES;
				GCC_WARN_UNINITIALIZED_AUTOS = YES_AGGRESSIVE;
				GCC_WARN_UNUSED_FUNCTION = YES;
				GCC_WARN_UNUSED_VARIABLE = YES;
				IPHONEOS_DEPLOYMENT_TARGET = 10.3;
				MTL_ENABLE_DEBUG_INFO = YES;
				ONLY_ACTIVE_ARCH = YES;
				OTHER_LDFLAGS = "-ObjC";
				"OTHER_LDFLAGS[arch=*]" = "-ObjC";
				SDKROOT = iphoneos;
				TARGETED_DEVICE_FAMILY = "1,2";
			};
			name = Debug;
		};
		B0FAED301EC0BC20006FB584 /* Release */ = {
			isa = XCBuildConfiguration;
			buildSettings = {
				ALWAYS_SEARCH_USER_PATHS = NO;
				CLANG_ANALYZER_NONNULL = YES;
				CLANG_ANALYZER_NUMBER_OBJECT_CONVERSION = YES_AGGRESSIVE;
				CLANG_CXX_LANGUAGE_STANDARD = "gnu++0x";
				CLANG_CXX_LIBRARY = "libc++";
				CLANG_ENABLE_MODULES = YES;
				CLANG_ENABLE_OBJC_ARC = YES;
				CLANG_WARN_BOOL_CONVERSION = YES;
				CLANG_WARN_CONSTANT_CONVERSION = YES;
				CLANG_WARN_DIRECT_OBJC_ISA_USAGE = YES_ERROR;
				CLANG_WARN_DOCUMENTATION_COMMENTS = YES;
				CLANG_WARN_EMPTY_BODY = YES;
				CLANG_WARN_ENUM_CONVERSION = YES;
				CLANG_WARN_INFINITE_RECURSION = YES;
				CLANG_WARN_INT_CONVERSION = YES;
				CLANG_WARN_OBJC_ROOT_CLASS = YES_ERROR;
				CLANG_WARN_SUSPICIOUS_MOVE = YES;
				CLANG_WARN_UNREACHABLE_CODE = YES;
				CLANG_WARN__DUPLICATE_METHOD_MATCH = YES;
				"CODE_SIGN_IDENTITY[sdk=iphoneos*]" = "iPhone Developer";
				COPY_PHASE_STRIP = NO;
				DEBUG_INFORMATION_FORMAT = "dwarf-with-dsym";
				ENABLE_NS_ASSERTIONS = NO;
				ENABLE_STRICT_OBJC_MSGSEND = YES;
				GCC_C_LANGUAGE_STANDARD = gnu99;
				GCC_NO_COMMON_BLOCKS = YES;
				GCC_WARN_64_TO_32_BIT_CONVERSION = YES;
				GCC_WARN_ABOUT_RETURN_TYPE = YES_ERROR;
				GCC_WARN_UNDECLARED_SELECTOR = YES;
				GCC_WARN_UNINITIALIZED_AUTOS = YES_AGGRESSIVE;
				GCC_WARN_UNUSED_FUNCTION = YES;
				GCC_WARN_UNUSED_VARIABLE = YES;
				IPHONEOS_DEPLOYMENT_TARGET = 10.3;
				MTL_ENABLE_DEBUG_INFO = NO;
				SDKROOT = iphoneos;
				TARGETED_DEVICE_FAMILY = "1,2";
				VALIDATE_PRODUCT = YES;
			};
			name = Release;
		};
		B0FAED321EC0BC20006FB584 /* Debug */ = {
			isa = XCBuildConfiguration;
			buildSettings = {
				ASSETCATALOG_COMPILER_APPICON_NAME = AppIcon;
				DEVELOPMENT_TEAM = "";
				FRAMEWORK_SEARCH_PATHS = (
					"$(inherited)",
					"$(PROJECT_DIR)",
				);
				INFOPLIST_FILE = objc_map/Info.plist;
				LD_RUNPATH_SEARCH_PATHS = "$(inherited) @executable_path/Frameworks";
				PRODUCT_BUNDLE_IDENTIFIER = com.appcoda.GSignIn;
				PRODUCT_NAME = "$(TARGET_NAME)";
				PROVISIONING_PROFILE_SPECIFIER = "";
				SWIFT_VERSION = 3.0;
			};
			name = Debug;
		};
		B0FAED331EC0BC20006FB584 /* Release */ = {
			isa = XCBuildConfiguration;
			buildSettings = {
				ASSETCATALOG_COMPILER_APPICON_NAME = AppIcon;
				DEVELOPMENT_TEAM = "";
				FRAMEWORK_SEARCH_PATHS = (
					"$(inherited)",
					"$(PROJECT_DIR)",
				);
				INFOPLIST_FILE = objc_map/Info.plist;
				LD_RUNPATH_SEARCH_PATHS = "$(inherited) @executable_path/Frameworks";
				PRODUCT_BUNDLE_IDENTIFIER = com.appcoda.GSignIn;
				PRODUCT_NAME = "$(TARGET_NAME)";
				PROVISIONING_PROFILE_SPECIFIER = "";
				SWIFT_VERSION = 3.0;
			};
			name = Release;
		};
		B0FAED351EC0BC20006FB584 /* Debug */ = {
			isa = XCBuildConfiguration;
			buildSettings = {
				BUNDLE_LOADER = "$(TEST_HOST)";
				INFOPLIST_FILE = objc_mapTests/Info.plist;
				LD_RUNPATH_SEARCH_PATHS = "$(inherited) @executable_path/Frameworks @loader_path/Frameworks";
				PRODUCT_BUNDLE_IDENTIFIER = "test.objc-mapTests";
				PRODUCT_NAME = "$(TARGET_NAME)";
				SWIFT_VERSION = 3.0;
				TEST_HOST = "$(BUILT_PRODUCTS_DIR)/objc_map.app/objc_map";
			};
			name = Debug;
		};
		B0FAED361EC0BC20006FB584 /* Release */ = {
			isa = XCBuildConfiguration;
			buildSettings = {
				BUNDLE_LOADER = "$(TEST_HOST)";
				INFOPLIST_FILE = objc_mapTests/Info.plist;
				LD_RUNPATH_SEARCH_PATHS = "$(inherited) @executable_path/Frameworks @loader_path/Frameworks";
				PRODUCT_BUNDLE_IDENTIFIER = "test.objc-mapTests";
				PRODUCT_NAME = "$(TARGET_NAME)";
				SWIFT_VERSION = 3.0;
				TEST_HOST = "$(BUILT_PRODUCTS_DIR)/objc_map.app/objc_map";
			};
			name = Release;
		};
		B0FAED381EC0BC20006FB584 /* Debug */ = {
			isa = XCBuildConfiguration;
			buildSettings = {
				INFOPLIST_FILE = objc_mapUITests/Info.plist;
				LD_RUNPATH_SEARCH_PATHS = "$(inherited) @executable_path/Frameworks @loader_path/Frameworks";
				PRODUCT_BUNDLE_IDENTIFIER = "test.objc-mapUITests";
				PRODUCT_NAME = "$(TARGET_NAME)";
				SWIFT_VERSION = 3.0;
				TEST_TARGET_NAME = objc_map;
			};
			name = Debug;
		};
		B0FAED391EC0BC20006FB584 /* Release */ = {
			isa = XCBuildConfiguration;
			buildSettings = {
				INFOPLIST_FILE = objc_mapUITests/Info.plist;
				LD_RUNPATH_SEARCH_PATHS = "$(inherited) @executable_path/Frameworks @loader_path/Frameworks";
				PRODUCT_BUNDLE_IDENTIFIER = "test.objc-mapUITests";
				PRODUCT_NAME = "$(TARGET_NAME)";
				SWIFT_VERSION = 3.0;
				TEST_TARGET_NAME = objc_map;
			};
			name = Release;
		};
/* End XCBuildConfiguration section */

/* Begin XCConfigurationList section */
		B0FAECFF1EC0BC1F006FB584 /* Build configuration list for PBXProject "objc_map" */ = {
			isa = XCConfigurationList;
			buildConfigurations = (
				B0FAED2F1EC0BC20006FB584 /* Debug */,
				B0FAED301EC0BC20006FB584 /* Release */,
			);
			defaultConfigurationIsVisible = 0;
			defaultConfigurationName = Release;
		};
		B0FAED311EC0BC20006FB584 /* Build configuration list for PBXNativeTarget "objc_map" */ = {
			isa = XCConfigurationList;
			buildConfigurations = (
				B0FAED321EC0BC20006FB584 /* Debug */,
				B0FAED331EC0BC20006FB584 /* Release */,
			);
			defaultConfigurationIsVisible = 0;
			defaultConfigurationName = Release;
		};
		B0FAED341EC0BC20006FB584 /* Build configuration list for PBXNativeTarget "objc_mapTests" */ = {
			isa = XCConfigurationList;
			buildConfigurations = (
				B0FAED351EC0BC20006FB584 /* Debug */,
				B0FAED361EC0BC20006FB584 /* Release */,
			);
			defaultConfigurationIsVisible = 0;
			defaultConfigurationName = Release;
		};
		B0FAED371EC0BC20006FB584 /* Build configuration list for PBXNativeTarget "objc_mapUITests" */ = {
			isa = XCConfigurationList;
			buildConfigurations = (
				B0FAED381EC0BC20006FB584 /* Debug */,
				B0FAED391EC0BC20006FB584 /* Release */,
			);
			defaultConfigurationIsVisible = 0;
			defaultConfigurationName = Release;
		};
/* End XCConfigurationList section */
	};
	rootObject = B0FAECFC1EC0BC1F006FB584 /* Project object */;
}
